
Microsoft Visual Studio Solution File, Format Version 12.00
# Visual Studio Version 16
VisualStudioVersion = 16.0.31410.357
MinimumVisualStudioVersion = 10.0.40219.1
Project("{FAE04EC0-301F-11D3-BF4B-00C04F79EFBC}") = "FlyingScoreOffset", "FlyingScoreOffset\FlyingScoreOffset.csproj", "{4586E25D-0E33-4B98-A916-33B670D3542A}"
EndProject
Global
	GlobalSection(SolutionConfigurationPlatforms) = preSolution
		Debug|Any CPU = Debug|Any CPU
		Release|Any CPU = Release|Any CPU
	EndGlobalSection
	GlobalSection(ProjectConfigurationPlatforms) = postSolution
		{4586E25D-0E33-4B98-A916-33B670D3542A}.Debug|Any CPU.ActiveCfg = Debug|Any CPU
		{4586E25D-0E33-4B98-A916-33B670D3542A}.Debug|Any CPU.Build.0 = Debug|Any CPU
		{4586E25D-0E33-4B98-A916-33B670D3542A}.Release|Any CPU.ActiveCfg = Release|Any CPU
		{4586E25D-0E33-4B98-A916-33B670D3542A}.Release|Any CPU.Build.0 = Release|Any CPU
	EndGlobalSection
	GlobalSection(SolutionProperties) = preSolution
		HideSolutionNode = FALSE
	EndGlobalSection
	GlobalSection(ExtensibilityGlobals) = postSolution
		SolutionGuid = {A1295221-FE73-4FE2-A686-6B65034EC90B}
	EndGlobalSection
EndGlobal
